
Microsoft Visual Studio Solution File, Format Version 12.00
# Visual Studio Version 17
VisualStudioVersion = 17.8.34408.163
MinimumVisualStudioVersion = 10.0.40219.1
Project("{9A19103F-16F7-4668-BE54-9A1E7A4F7556}") = "Coling.API.Curriculum", "Coling.API.Curriculum\Coling.API.Curriculum.csproj", "{477442BE-4277-4CFA-B763-9D00063C8B8D}"
EndProject
Project("{2150E333-8FDC-42A3-9474-1A3956D46DE8}") = "APIMicroservices", "APIMicroservices", "{542ABAEA-3967-49ED-A2C2-8ABD3F033CE9}"
EndProject
Project("{2150E333-8FDC-42A3-9474-1A3956D46DE8}") = "Common", "Common", "{09FEAADD-3AE5-4A42-930F-0FD2C0F58550}"
EndProject
Project("{9A19103F-16F7-4668-BE54-9A1E7A4F7556}") = "Coling.Shared", "Coling.Shared\Coling.Shared.csproj", "{A1A2373B-6B1C-4A0E-BAA6-C85E4E52D6B4}"
EndProject
Project("{9A19103F-16F7-4668-BE54-9A1E7A4F7556}") = "Coling.API.Afiliado", "Coling.API.Afiliado\Coling.API.Afiliado.csproj", "{4AB06715-103E-4F39-99E8-F2FF342D764F}"
EndProject
Project("{9A19103F-16F7-4668-BE54-9A1E7A4F7556}") = "Coling.Vista", "Coling.Vista\Coling.Vista.csproj", "{78FB3A07-E1E5-4A81-A345-08C87446A32D}"
EndProject
Project("{2150E333-8FDC-42A3-9474-1A3956D46DE8}") = "Multiplataforma", "Multiplataforma", "{927C74A1-EC38-47B4-A23D-C7B84A3D2F46}"
EndProject
Project("{9A19103F-16F7-4668-BE54-9A1E7A4F7556}") = "Coling.Utilitarios", "Coling.Utilitarios\Coling.Utilitarios.csproj", "{F56D88D0-663B-4937-A9B1-9262A1796638}"
EndProject
Project("{9A19103F-16F7-4668-BE54-9A1E7A4F7556}") = "Coling.Repositorio", "Coling.Repositorio\Coling.Repositorio.csproj", "{5E879182-2A1C-40FE-A7AC-DAA5B1F7B62D}"
EndProject
Project("{9A19103F-16F7-4668-BE54-9A1E7A4F7556}") = "Coling.Autentificacion", "Coling.Autentificacion\Coling.Autentificacion.csproj", "{B135EC09-864E-43F5-86CE-2CEE43802B15}"
EndProject
Project("{9A19103F-16F7-4668-BE54-9A1E7A4F7556}") = "Coling.API.BolsaTrabajos", "Coling.API.BolsaTrabajos\Coling.API.BolsaTrabajos.csproj", "{FE2C31ED-3BA7-4893-8ED7-A74C77AE9701}"
EndProject
Global
	GlobalSection(SolutionConfigurationPlatforms) = preSolution
		Debug|Any CPU = Debug|Any CPU
		Release|Any CPU = Release|Any CPU
	EndGlobalSection
	GlobalSection(ProjectConfigurationPlatforms) = postSolution
		{477442BE-4277-4CFA-B763-9D00063C8B8D}.Debug|Any CPU.ActiveCfg = Debug|Any CPU
		{477442BE-4277-4CFA-B763-9D00063C8B8D}.Debug|Any CPU.Build.0 = Debug|Any CPU
		{477442BE-4277-4CFA-B763-9D00063C8B8D}.Release|Any CPU.ActiveCfg = Release|Any CPU
		{477442BE-4277-4CFA-B763-9D00063C8B8D}.Release|Any CPU.Build.0 = Release|Any CPU
		{A1A2373B-6B1C-4A0E-BAA6-C85E4E52D6B4}.Debug|Any CPU.ActiveCfg = Debug|Any CPU
		{A1A2373B-6B1C-4A0E-BAA6-C85E4E52D6B4}.Debug|Any CPU.Build.0 = Debug|Any CPU
		{A1A2373B-6B1C-4A0E-BAA6-C85E4E52D6B4}.Release|Any CPU.ActiveCfg = Release|Any CPU
		{A1A2373B-6B1C-4A0E-BAA6-C85E4E52D6B4}.Release|Any CPU.Build.0 = Release|Any CPU
		{4AB06715-103E-4F39-99E8-F2FF342D764F}.Debug|Any CPU.ActiveCfg = Debug|Any CPU
		{4AB06715-103E-4F39-99E8-F2FF342D764F}.Debug|Any CPU.Build.0 = Debug|Any CPU
		{4AB06715-103E-4F39-99E8-F2FF342D764F}.Release|Any CPU.ActiveCfg = Release|Any CPU
		{4AB06715-103E-4F39-99E8-F2FF342D764F}.Release|Any CPU.Build.0 = Release|Any CPU
		{78FB3A07-E1E5-4A81-A345-08C87446A32D}.Debug|Any CPU.ActiveCfg = Debug|Any CPU
		{78FB3A07-E1E5-4A81-A345-08C87446A32D}.Debug|Any CPU.Build.0 = Debug|Any CPU
		{78FB3A07-E1E5-4A81-A345-08C87446A32D}.Debug|Any CPU.Deploy.0 = Debug|Any CPU
		{78FB3A07-E1E5-4A81-A345-08C87446A32D}.Release|Any CPU.ActiveCfg = Release|Any CPU
		{78FB3A07-E1E5-4A81-A345-08C87446A32D}.Release|Any CPU.Build.0 = Release|Any CPU
		{78FB3A07-E1E5-4A81-A345-08C87446A32D}.Release|Any CPU.Deploy.0 = Release|Any CPU
		{F56D88D0-663B-4937-A9B1-9262A1796638}.Debug|Any CPU.ActiveCfg = Debug|Any CPU
		{F56D88D0-663B-4937-A9B1-9262A1796638}.Debug|Any CPU.Build.0 = Debug|Any CPU
		{F56D88D0-663B-4937-A9B1-9262A1796638}.Release|Any CPU.ActiveCfg = Release|Any CPU
		{F56D88D0-663B-4937-A9B1-9262A1796638}.Release|Any CPU.Build.0 = Release|Any CPU
		{5E879182-2A1C-40FE-A7AC-DAA5B1F7B62D}.Debug|Any CPU.ActiveCfg = Debug|Any CPU
		{5E879182-2A1C-40FE-A7AC-DAA5B1F7B62D}.Debug|Any CPU.Build.0 = Debug|Any CPU
		{5E879182-2A1C-40FE-A7AC-DAA5B1F7B62D}.Release|Any CPU.ActiveCfg = Release|Any CPU
		{5E879182-2A1C-40FE-A7AC-DAA5B1F7B62D}.Release|Any CPU.Build.0 = Release|Any CPU
		{B135EC09-864E-43F5-86CE-2CEE43802B15}.Debug|Any CPU.ActiveCfg = Debug|Any CPU
		{B135EC09-864E-43F5-86CE-2CEE43802B15}.Debug|Any CPU.Build.0 = Debug|Any CPU
		{B135EC09-864E-43F5-86CE-2CEE43802B15}.Release|Any CPU.ActiveCfg = Release|Any CPU
		{B135EC09-864E-43F5-86CE-2CEE43802B15}.Release|Any CPU.Build.0 = Release|Any CPU
		{FE2C31ED-3BA7-4893-8ED7-A74C77AE9701}.Debug|Any CPU.ActiveCfg = Debug|Any CPU
		{FE2C31ED-3BA7-4893-8ED7-A74C77AE9701}.Debug|Any CPU.Build.0 = Debug|Any CPU
		{FE2C31ED-3BA7-4893-8ED7-A74C77AE9701}.Release|Any CPU.ActiveCfg = Release|Any CPU
		{FE2C31ED-3BA7-4893-8ED7-A74C77AE9701}.Release|Any CPU.Build.0 = Release|Any CPU
	EndGlobalSection
	GlobalSection(SolutionProperties) = preSolution
		HideSolutionNode = FALSE
	EndGlobalSection
	GlobalSection(NestedProjects) = preSolution
		{477442BE-4277-4CFA-B763-9D00063C8B8D} = {542ABAEA-3967-49ED-A2C2-8ABD3F033CE9}
		{A1A2373B-6B1C-4A0E-BAA6-C85E4E52D6B4} = {09FEAADD-3AE5-4A42-930F-0FD2C0F58550}
		{4AB06715-103E-4F39-99E8-F2FF342D764F} = {542ABAEA-3967-49ED-A2C2-8ABD3F033CE9}
		{78FB3A07-E1E5-4A81-A345-08C87446A32D} = {927C74A1-EC38-47B4-A23D-C7B84A3D2F46}
		{F56D88D0-663B-4937-A9B1-9262A1796638} = {09FEAADD-3AE5-4A42-930F-0FD2C0F58550}
		{5E879182-2A1C-40FE-A7AC-DAA5B1F7B62D} = {09FEAADD-3AE5-4A42-930F-0FD2C0F58550}
		{B135EC09-864E-43F5-86CE-2CEE43802B15} = {542ABAEA-3967-49ED-A2C2-8ABD3F033CE9}
		{FE2C31ED-3BA7-4893-8ED7-A74C77AE9701} = {542ABAEA-3967-49ED-A2C2-8ABD3F033CE9}
	EndGlobalSection
	GlobalSection(ExtensibilityGlobals) = postSolution
		SolutionGuid = {DEDF96F5-6460-462F-B027-DFFBDC38EC87}
	EndGlobalSection
EndGlobal
